# THIS IS AN AUTOGENERATED FILE. DO NOT EDIT THIS FILE DIRECTLY.
# yarn lockfile v1


"@stroncium/procfs@^1.1.1":
  version "1.1.1"
  resolved "https://registry.npm.taobao.org/@stroncium/procfs/download/@stroncium/procfs-1.1.1.tgz#6ae4b4938cf3b6c3fb957f3063b2c0a8b26ee599"
  integrity sha1-auS0k4zztsP7lX8wY7LAqLJu5Zk=

after@0.8.2:
  version "0.8.2"
  resolved "https://registry.npm.taobao.org/after/download/after-0.8.2.tgz#fedb394f9f0e02aa9768e702bda23b505fae7e1f"
  integrity sha1-/ts5T58OAqqXaOcCvaI7UF+ufh8=

arraybuffer.slice@~0.0.7:
  version "0.0.7"
  resolved "https://registry.npm.taobao.org/arraybuffer.slice/download/arraybuffer.slice-0.0.7.tgz#3bbc4275dd584cc1b10809b89d4e8b63a69e7675"
  integrity sha1-O7xCdd1YTMGxCAm4nU6LY6aednU=

async-limiter@~1.0.0:
  version "1.0.1"
  resolved "https://registry.npm.taobao.org/async-limiter/download/async-limiter-1.0.1.tgz?cache=0&other_urls=https%3A%2F%2Fregistry.npm.taobao.org%2Fasync-limiter%2Fdownload%2Fasync-limiter-1.0.1.tgz#dd379e94f0db8310b08291f9d64c3209766617fd"
  integrity sha1-3TeelPDbgxCwgpH51kwyCXZmF/0=

backo2@1.0.2:
  version "1.0.2"
  resolved "https://registry.npm.taobao.org/backo2/download/backo2-1.0.2.tgz#31ab1ac8b129363463e35b3ebb69f4dfcfba7947"
  integrity sha1-MasayLEpNjRj41s+u2n038+6eUc=

base64-arraybuffer@0.1.5:
  version "0.1.5"
  resolved "https://registry.npm.taobao.org/base64-arraybuffer/download/base64-arraybuffer-0.1.5.tgz#73926771923b5a19747ad666aa5cd4bf9c6e9ce8"
  integrity sha1-c5JncZI7Whl0etZmqlzUv5xunOg=

better-assert@~1.0.0:
  version "1.0.2"
  resolved "https://registry.npm.taobao.org/better-assert/download/better-assert-1.0.2.tgz#40866b9e1b9e0b55b481894311e68faffaebc522"
  integrity sha1-QIZrnhueC1W0gYlDEeaPr/rrxSI=
  dependencies:
    callsite "1.0.0"

blob@0.0.5:
  version "0.0.5"
  resolved "https://registry.npm.taobao.org/blob/download/blob-0.0.5.tgz?cache=0&sync_timestamp=1580722883513&other_urls=https%3A%2F%2Fregistry.npm.taobao.org%2Fblob%2Fdownload%2Fblob-0.0.5.tgz#d680eeef25f8cd91ad533f5b01eed48e64caf683"
  integrity sha1-1oDu7yX4zZGtUz9bAe7UjmTK9oM=

callsite@1.0.0:
  version "1.0.0"
  resolved "https://registry.npm.taobao.org/callsite/download/callsite-1.0.0.tgz#280398e5d664bd74038b6f0905153e6e8af1bc20"
  integrity sha1-KAOY5dZkvXQDi28JBRU+borxvCA=

component-bind@1.0.0:
  version "1.0.0"
  resolved "https://registry.npm.taobao.org/component-bind/download/component-bind-1.0.0.tgz#00c608ab7dcd93897c0009651b1d3a8e1e73bbd1"
  integrity sha1-AMYIq33Nk4l8AAllGx06jh5zu9E=

component-emitter@1.2.1:
  version "1.2.1"
  resolved "https://registry.npm.taobao.org/component-emitter/download/component-emitter-1.2.1.tgz#137918d6d78283f7df7a6b7c5a63e140e69425e6"
  integrity sha1-E3kY1teCg/ffemt8WmPhQOaUJeY=

component-inherit@0.0.3:
  version "0.0.3"
  resolved "https://registry.npm.taobao.org/component-inherit/download/component-inherit-0.0.3.tgz#645fc4adf58b72b649d5cae65135619db26ff143"
  integrity sha1-ZF/ErfWLcrZJ1crmUTVhnbJv8UM=

debug@~3.1.0:
  version "3.1.0"
  resolved "https://registry.npm.taobao.org/debug/download/debug-3.1.0.tgz#5bb5a0672628b64149566ba16819e61518c67261"
  integrity sha1-W7WgZyYotkFJVmuhaBnmFRjGcmE=
  dependencies:
    ms "2.0.0"

debug@~4.1.0:
  version "4.1.1"
  resolved "https://registry.npm.taobao.org/debug/download/debug-4.1.1.tgz#3b72260255109c6b589cee050f1d516139664791"
  integrity sha1-O3ImAlUQnGtYnO4FDx1RYTlmR5E=
  dependencies:
    ms "^2.1.1"

engine.io-client@~3.4.0:
  version "3.4.0"
  resolved "https://registry.npm.taobao.org/engine.io-client/download/engine.io-client-3.4.0.tgz?cache=0&sync_timestamp=1581492836966&other_urls=https%3A%2F%2Fregistry.npm.taobao.org%2Fengine.io-client%2Fdownload%2Fengine.io-client-3.4.0.tgz#82a642b42862a9b3f7a188f41776b2deab643700"
  integrity sha1-gqZCtChiqbP3oYj0F3ay3qtkNwA=
  dependencies:
    component-emitter "1.2.1"
    component-inherit "0.0.3"
    debug "~4.1.0"
    engine.io-parser "~2.2.0"
    has-cors "1.1.0"
    indexof "0.0.1"
    parseqs "0.0.5"
    parseuri "0.0.5"
    ws "~6.1.0"
    xmlhttprequest-ssl "~1.5.4"
    yeast "0.1.2"

engine.io-parser@~2.2.0:
  version "2.2.0"
  resolved "https://registry.npm.taobao.org/engine.io-parser/download/engine.io-parser-2.2.0.tgz?cache=0&other_urls=https%3A%2F%2Fregistry.npm.taobao.org%2Fengine.io-parser%2Fdownload%2Fengine.io-parser-2.2.0.tgz#312c4894f57d52a02b420868da7b5c1c84af80ed"
  integrity sha1-MSxIlPV9UqArQgho2ntcHISvgO0=
  dependencies:
    after "0.8.2"
    arraybuffer.slice "~0.0.7"
    base64-arraybuffer "0.1.5"
    blob "0.0.5"
    has-binary2 "~1.0.2"

event-lite@^0.1.1:
  version "0.1.2"
  resolved "https://registry.npm.taobao.org/event-lite/download/event-lite-0.1.2.tgz#838a3e0fdddef8cc90f128006c8e55a4e4e4c11b"
  integrity sha1-g4o+D93e+MyQ8SgAbI5VpOTkwRs=

has-binary2@~1.0.2:
  version "1.0.3"
  resolved "https://registry.npm.taobao.org/has-binary2/download/has-binary2-1.0.3.tgz#7776ac627f3ea77250cfc332dab7ddf5e4f5d11d"
  integrity sha1-d3asYn8+p3JQz8My2rfd9eT10R0=
  dependencies:
    isarray "2.0.1"

has-cors@1.1.0:
  version "1.1.0"
  resolved "https://registry.npm.taobao.org/has-cors/download/has-cors-1.1.0.tgz#5e474793f7ea9843d1bb99c23eef49ff126fff39"
  integrity sha1-XkdHk/fqmEPRu5nCPu9J/xJv/zk=

ieee754@^1.1.8:
  version "1.1.13"
  resolved "https://registry.npm.taobao.org/ieee754/download/ieee754-1.1.13.tgz#ec168558e95aa181fd87d37f55c32bbcb6708b84"
  integrity sha1-7BaFWOlaoYH9h9N/VcMrvLZwi4Q=

indexof@0.0.1:
  version "0.0.1"
  resolved "https://registry.npm.taobao.org/indexof/download/indexof-0.0.1.tgz#82dc336d232b9062179d05ab3293a66059fd435d"
  integrity sha1-gtwzbSMrkGIXnQWrMpOmYFn9Q10=

int64-buffer@^0.1.9:
  version "0.1.10"
  resolved "https://registry.npm.taobao.org/int64-buffer/download/int64-buffer-0.1.10.tgz#277b228a87d95ad777d07c13832022406a473423"
  integrity sha1-J3siiofZWtd30HwTgyAiQGpHNCM=

isarray@2.0.1:
  version "2.0.1"
  resolved "https://registry.npm.taobao.org/isarray/download/isarray-2.0.1.tgz#a37d94ed9cda2d59865c9f76fe596ee1f338741e"
  integrity sha1-o32U7ZzaLVmGXJ92/llu4fM4dB4=

isarray@^1.0.0:
  version "1.0.0"
  resolved "https://registry.npm.taobao.org/isarray/download/isarray-1.0.0.tgz#bb935d48582cba168c06834957a54a3e07124f11"
  integrity sha1-u5NdSFgsuhaMBoNJV6VKPgcSTxE=

loadavg-windows@^1.1.1:
  version "1.1.1"
  resolved "https://registry.npm.taobao.org/loadavg-windows/download/loadavg-windows-1.1.1.tgz#e384aa8107b4ebf851bec267dd4a0789c4c54bc4"
  integrity sha1-44SqgQe06/hRvsJn3UoHicTFS8Q=
  dependencies:
    weak-daemon "1.0.3"

ms@2.0.0:
  version "2.0.0"
  resolved "https://registry.npm.taobao.org/ms/download/ms-2.0.0.tgz#5608aeadfc00be6c2901df5f9861788de0d597c8"
  integrity sha1-VgiurfwAvmwpAd9fmGF4jeDVl8g=

ms@^2.1.1:
  version "2.1.2"
  resolved "https://registry.npm.taobao.org/ms/download/ms-2.1.2.tgz#d09d1f357b443f493382a8eb3ccd183872ae6009"
  integrity sha1-0J0fNXtEP0kzgqjrPM0YOHKuYAk=

msgpack-lite@^0.1.26:
  version "0.1.26"
  resolved "https://registry.npm.taobao.org/msgpack-lite/download/msgpack-lite-0.1.26.tgz#dd3c50b26f059f25e7edee3644418358e2a9ad89"
  integrity sha1-3TxQsm8FnyXn7e42REGDWOKprYk=
  dependencies:
    event-lite "^0.1.1"
    ieee754 "^1.1.8"
    int64-buffer "^0.1.9"
    isarray "^1.0.0"

net-stat@^2.0.1:
  version "2.0.1"
  resolved "https://registry.npm.taobao.org/net-stat/download/net-stat-2.0.1.tgz#e6de8b2fe6acb3e09a93fd37e3133cc50f6ce19d"
  integrity sha1-5t6LL+ass+Cak/034xM8xQ9s4Z0=

object-component@0.0.3:
  version "0.0.3"
  resolved "https://registry.npm.taobao.org/object-component/download/object-component-0.0.3.tgz#f0c69aa50efc95b866c186f400a33769cb2f1291"
  integrity sha1-8MaapQ78lbhmwYb0AKM3acsvEpE=

os-utils@^0.0.14:
  version "0.0.14"
  resolved "https://registry.npm.taobao.org/os-utils/download/os-utils-0.0.14.tgz#29e511697b1982b8c627722175fe39797ef64156"
  integrity sha1-KeURaXsZgrjGJ3Ihdf45eX72QVY=

parseqs@0.0.5:
  version "0.0.5"
  resolved "https://registry.npm.taobao.org/parseqs/download/parseqs-0.0.5.tgz#d5208a3738e46766e291ba2ea173684921a8b89d"
  integrity sha1-1SCKNzjkZ2bikbouoXNoSSGouJ0=
  dependencies:
    better-assert "~1.0.0"

parseuri@0.0.5:
  version "0.0.5"
  resolved "https://registry.npm.taobao.org/parseuri/download/parseuri-0.0.5.tgz#80204a50d4dbb779bfdc6ebe2778d90e4bce320a"
  integrity sha1-gCBKUNTbt3m/3G6+J3jZDkvOMgo=
  dependencies:
    better-assert "~1.0.0"

socket.io-client@^2.3.0:
  version "2.3.0"
  resolved "https://registry.npm.taobao.org/socket.io-client/download/socket.io-client-2.3.0.tgz#14d5ba2e00b9bcd145ae443ab96b3f86cbcc1bb4"
  integrity sha1-FNW6LgC5vNFFrkQ6uWs/hsvMG7Q=
  dependencies:
    backo2 "1.0.2"
    base64-arraybuffer "0.1.5"
    component-bind "1.0.0"
    component-emitter "1.2.1"
    debug "~4.1.0"
    engine.io-client "~3.4.0"
    has-binary2 "~1.0.2"
    has-cors "1.1.0"
    indexof "0.0.1"
    object-component "0.0.3"
    parseqs "0.0.5"
    parseuri "0.0.5"
    socket.io-parser "~3.3.0"
    to-array "0.1.4"

socket.io-parser@~3.3.0:
  version "3.3.0"
  resolved "https://registry.npm.taobao.org/socket.io-parser/download/socket.io-parser-3.3.0.tgz#2b52a96a509fdf31440ba40fed6094c7d4f1262f"
  integrity sha1-K1KpalCf3zFEC6QP7WCUx9TxJi8=
  dependencies:
    component-emitter "1.2.1"
    debug "~3.1.0"
    isarray "2.0.1"

to-array@0.1.4:
  version "0.1.4"
  resolved "https://registry.npm.taobao.org/to-array/download/to-array-0.1.4.tgz#17e6c11f73dd4f3d74cda7a4ff3238e9ad9bf890"
  integrity sha1-F+bBH3PdTz10zaek/zI46a2b+JA=

weak-daemon@1.0.3:
  version "1.0.3"
  resolved "https://registry.npm.taobao.org/weak-daemon/download/weak-daemon-1.0.3.tgz#d922b7c0dfb8f6bf027c463ea875584d2b085f19"
  integrity sha1-2SK3wN+49r8CfEY+qHVYTSsIXxk=

ws@~6.1.0:
  version "6.1.4"
  resolved "https://registry.npm.taobao.org/ws/download/ws-6.1.4.tgz#5b5c8800afab925e94ccb29d153c8d02c1776ef9"
  integrity sha1-W1yIAK+rkl6UzLKdFTyNAsF3bvk=
  dependencies:
    async-limiter "~1.0.0"

xmlhttprequest-ssl@~1.5.4:
  version "1.5.5"
  resolved "https://registry.npm.taobao.org/xmlhttprequest-ssl/download/xmlhttprequest-ssl-1.5.5.tgz#c2876b06168aadc40e57d97e81191ac8f4398b3e"
  integrity sha1-wodrBhaKrcQOV9l+gRkayPQ5iz4=

yeast@0.1.2:
  version "0.1.2"
  resolved "https://registry.npm.taobao.org/yeast/download/yeast-0.1.2.tgz#008e06d8094320c372dbc2f8ed76a0ca6c8ac419"
  integrity sha1-AI4G2AlDIMNy28L47XagymyKxBk=
